
Microsoft Visual Studio Solution File, Format Version 12.00
# Visual Studio Version 17
VisualStudioVersion = 17.5.002.0
MinimumVisualStudioVersion = 10.0.40219.1
Project("{9A19103F-16F7-4668-BE54-9A1E7A4F7556}") = "AspNetD202", "AspNetD202.csproj", "{43BBB28C-8F3A-4715-A9AC-0793533DCAFA}"
EndProject
Global
	GlobalSection(SolutionConfigurationPlatforms) = preSolution
		Debug|Any CPU = Debug|Any CPU
		Release|Any CPU = Release|Any CPU
	EndGlobalSection
	GlobalSection(ProjectConfigurationPlatforms) = postSolution
		{43BBB28C-8F3A-4715-A9AC-0793533DCAFA}.Debug|Any CPU.ActiveCfg = Debug|Any CPU
		{43BBB28C-8F3A-4715-A9AC-0793533DCAFA}.Debug|Any CPU.Build.0 = Debug|Any CPU
		{43BBB28C-8F3A-4715-A9AC-0793533DCAFA}.Release|Any CPU.ActiveCfg = Release|Any CPU
		{43BBB28C-8F3A-4715-A9AC-0793533DCAFA}.Release|Any CPU.Build.0 = Release|Any CPU
	EndGlobalSection
	GlobalSection(SolutionProperties) = preSolution
		HideSolutionNode = FALSE
	EndGlobalSection
	GlobalSection(ExtensibilityGlobals) = postSolution
		SolutionGuid = {7B350CC6-2011-415C-B856-21B885F7B6E5}
	EndGlobalSection
EndGlobal
